<?xml version="1.0" encoding="utf-8"?>
<Project ToolsVersion="4.0" xmlns="http://schemas.microsoft.com/developer/msbuild/2003">
  <ItemGroup>
    <Filter Include="Source Files">
      <UniqueIdentifier>{4FC737F1-C7A5-4376-A066-2A32D752A2FF}</UniqueIdentifier>
      <Extensions>cpp;c;cc;cxx;c++;cppm;ixx;def;odl;idl;hpj;bat;asm;asmx</Extensions>
    </Filter>
    <Filter Include="Header Files">
      <UniqueIdentifier>{93995380-89BD-4b04-88EB-625FBE52EBFB}</UniqueIdentifier>
      <Extensions>h;hh;hpp;hxx;h++;hm;inl;inc;ipp;xsd</Extensions>
    </Filter>
    <Filter Include="Resource Files">
      <UniqueIdentifier>{67DA6AB6-F800-4c08-8B7A-83BB121AAD01}</UniqueIdentifier>
      <Extensions>rc;ico;cur;bmp;dlg;rc2;rct;bin;rgs;gif;jpg;jpeg;jpe;resx;tiff;tif;png;wav;mfcribbon-ms</Extensions>
    </Filter>
  </ItemGroup>
  <ItemGroup>
    <ClInclude Include="FileCleaner.h">
      <Filter>Header Files</Filter>
    </ClInclude>
    <ClInclude Include="framework.h">
      <Filter>Header Files</Filter>
    </ClInclude>
    <ClInclude Include="targetver.h">
      <Filter>Header Files</Filter>
    </ClInclude>
    <ClInclude Include="MainFrm.h">
      <Filter>Header Files</Filter>
    </ClInclude>
    <ClInclude Include="MainView.h">
      <Filter>Header Files</Filter>
    </ClInclude>
    <ClInclude Include="Resource.h">
      <Filter>Header Files</Filter>
    </ClInclude>
    <ClInclude Include="pch.h">
      <Filter>Header Files</Filter>
    </ClInclude>
    <ClInclude Include="DrawObject.h">
      <Filter>Header Files</Filter>
    </ClInclude>
    <ClInclude Include="TreeListCtrl.h">
      <Filter>Header Files</Filter>
    </ClInclude>
    <ClInclude Include="BaseBar.h">
      <Filter>Header Files</Filter>
    </ClInclude>
    <ClInclude Include="BaseCombo.h">
      <Filter>Header Files</Filter>
    </ClInclude>
    <ClInclude Include="MyBmpButton.h">
      <Filter>Header Files</Filter>
    </ClInclude>
    <ClInclude Include="MsgID.h">
      <Filter>Header Files</Filter>
    </ClInclude>
    <ClInclude Include="CommonStruct.h">
      <Filter>Header Files</Filter>
    </ClInclude>
    <ClInclude Include="ProgramData.h">
      <Filter>Header Files</Filter>
    </ClInclude>
    <ClInclude Include="DlgLoad.h">
      <Filter>Header Files</Filter>
    </ClInclude>
    <ClInclude Include="ContainerWnd.h">
      <Filter>Header Files</Filter>
    </ClInclude>
    <ClInclude Include="HeadBar.h">
      <Filter>Header Files</Filter>
    </ClInclude>
  </ItemGroup>
  <ItemGroup>
    <ClCompile Include="FileCleaner.cpp">
      <Filter>Source Files</Filter>
    </ClCompile>
    <ClCompile Include="MainFrm.cpp">
      <Filter>Source Files</Filter>
    </ClCompile>
    <ClCompile Include="MainView.cpp">
      <Filter>Source Files</Filter>
    </ClCompile>
    <ClCompile Include="pch.cpp">
      <Filter>Source Files</Filter>
    </ClCompile>
    <ClCompile Include="DrawObject.cpp">
      <Filter>Source Files</Filter>
    </ClCompile>
    <ClCompile Include="TreeListCtrl.cpp">
      <Filter>Source Files</Filter>
    </ClCompile>
    <ClCompile Include="ItemData.cpp">
      <Filter>Source Files</Filter>
    </ClCompile>
    <ClCompile Include="ConstructList.cpp">
      <Filter>Source Files</Filter>
    </ClCompile>
    <ClCompile Include="BaseBar.cpp">
      <Filter>Source Files</Filter>
    </ClCompile>
    <ClCompile Include="BaseCombo.cpp">
      <Filter>Source Files</Filter>
    </ClCompile>
    <ClCompile Include="MyBmpButton.cpp">
      <Filter>Source Files</Filter>
    </ClCompile>
    <ClCompile Include="ProgramData.cpp">
      <Filter>Source Files</Filter>
    </ClCompile>
    <ClCompile Include="DlgLoad.cpp">
      <Filter>Source Files</Filter>
    </ClCompile>
    <ClCompile Include="ContainerWnd.cpp">
      <Filter>Source Files</Filter>
    </ClCompile>
    <ClCompile Include="HeadBar.cpp">
      <Filter>Source Files</Filter>
    </ClCompile>
    <ClCompile Include="ItemState.cpp">
      <Filter>Source Files</Filter>
    </ClCompile>
    <ClCompile Include="TreeListBase.cpp">
      <Filter>Source Files</Filter>
    </ClCompile>
  </ItemGroup>
  <ItemGroup>
    <ResourceCompile Include="FileCleaner.rc">
      <Filter>Resource Files</Filter>
    </ResourceCompile>
  </ItemGroup>
  <ItemGroup>
    <None Include="res\FileCleaner.rc2">
      <Filter>Resource Files</Filter>
    </None>
  </ItemGroup>
  <ItemGroup>
    <Image Include="res\FileCleaner.ico">
      <Filter>Resource Files</Filter>
    </Image>
    <Image Include="res\Toolbar.bmp">
      <Filter>Resource Files</Filter>
    </Image>
    <Image Include="res\folder.bmp">
      <Filter>Resource Files</Filter>
    </Image>
    <Image Include="res\folder_mask.bmp">
      <Filter>Resource Files</Filter>
    </Image>
    <Image Include="res\folder_exp.bmp">
      <Filter>Resource Files</Filter>
    </Image>
    <Image Include="res\folder_exp_mask.bmp">
      <Filter>Resource Files</Filter>
    </Image>
    <Image Include="res\go_click.bmp">
      <Filter>Resource Files</Filter>
    </Image>
    <Image Include="res\go_disable.bmp">
      <Filter>Resource Files</Filter>
    </Image>
    <Image Include="res\go_hover.bmp">
      <Filter>Resource Files</Filter>
    </Image>
    <Image Include="res\go_normal.bmp">
      <Filter>Resource Files</Filter>
    </Image>
    <Image Include="res\fold_click.bmp">
      <Filter>Resource Files</Filter>
    </Image>
    <Image Include="res\fold_disable.bmp">
      <Filter>Resource Files</Filter>
    </Image>
    <Image Include="res\fold_hover.bmp">
      <Filter>Resource Files</Filter>
    </Image>
    <Image Include="res\fold_normal.bmp">
      <Filter>Resource Files</Filter>
    </Image>
    <Image Include="res\open_click.bmp">
      <Filter>Resource Files</Filter>
    </Image>
    <Image Include="res\open_disable.bmp">
      <Filter>Resource Files</Filter>
    </Image>
    <Image Include="res\open_hover.bmp">
      <Filter>Resource Files</Filter>
    </Image>
    <Image Include="res\open_normal.bmp">
      <Filter>Resource Files</Filter>
    </Image>
    <Image Include="res\dfold_click.bmp">
      <Filter>Resource Files</Filter>
    </Image>
    <Image Include="res\dfold_disable.bmp">
      <Filter>Resource Files</Filter>
    </Image>
    <Image Include="res\dfold_hover.bmp">
      <Filter>Resource Files</Filter>
    </Image>
    <Image Include="res\dfold_normal.bmp">
      <Filter>Resource Files</Filter>
    </Image>
    <Image Include="res\arrow_click.bmp">
      <Filter>Resource Files</Filter>
    </Image>
    <Image Include="res\arrow_disable.bmp">
      <Filter>Resource Files</Filter>
    </Image>
    <Image Include="res\arrow_hover.bmp">
      <Filter>Resource Files</Filter>
    </Image>
    <Image Include="res\arrow_normal.bmp">
      <Filter>Resource Files</Filter>
    </Image>
    <Image Include="res\dot_line_h.bmp">
      <Filter>Resource Files</Filter>
    </Image>
    <Image Include="res\dot_line_v.bmp">
      <Filter>Resource Files</Filter>
    </Image>
    <Image Include="res\diff.bmp">
      <Filter>Resource Files</Filter>
    </Image>
    <Image Include="res\equal.bmp">
      <Filter>Resource Files</Filter>
    </Image>
    <Image Include="res\diff_mask.bmp">
      <Filter>Resource Files</Filter>
    </Image>
  </ItemGroup>
</Project>